PODS:
  - Alamofire (5.2.0)
  - MOVSAuthorization (0.1.0):
    - Alamofire (= 5.2.0)
  - MOVSLogin (0.1.0):
    - MOVSNetworking
  - MOVSNetworking (0.1.0)
  - MOVSNetworking/Tests (0.1.0)

DEPENDENCIES:
  - MOVSAuthorization (from `DevelopmentPods/MOVSAuthorization`)
  - MOVSLogin (from `DevelopmentPods/MOVSLogin`)
  - MOVSNetworking (from `DevelopmentPods/MOVSNetworking`)
  - MOVSNetworking/Tests (from `DevelopmentPods/MOVSNetworking`)

SPEC REPOS:
  trunk:
    - Alamofire

EXTERNAL SOURCES:
  MOVSAuthorization:
    :path: DevelopmentPods/MOVSAuthorization
  MOVSLogin:
    :path: DevelopmentPods/MOVSLogin
  MOVSNetworking:
    :path: DevelopmentPods/MOVSNetworking

SPEC CHECKSUMS:
  Alamofire: c1ca147559e730bfb2182c8c7aafbdd90a867987
  MOVSAuthorization: fe44402f2441994c7ba50fac23a1efe036907412
  MOVSLogin: 2251e17dc781f67455902061c7bb45df9a0cbb18
  MOVSNetworking: 815633cf363c059e7d428322eb2bff09b212e81e

PODFILE CHECKSUM: dd2587151c2a64ffe0a4e180a828480a22990a57

COCOAPODS: 1.9.3
